
Microsoft Visual Studio Solution File, Format Version 12.00
# Visual Studio 14
VisualStudioVersion = 14.0.25420.1
MinimumVisualStudioVersion = 10.0.40219.1
Project("{FAE04EC0-301F-11D3-BF4B-00C04F79EFBC}") = "ChatService", "WcfService\ChatService.csproj", "{CBBD8A63-DEA7-4F45-A1B7-C72BE1CDB621}"
EndProject
Project("{FAE04EC0-301F-11D3-BF4B-00C04F79EFBC}") = "TestChat", "TestChat\TestChat.csproj", "{8EFFD3AD-9ED0-4EF4-9742-6406A95F2B5A}"
	ProjectSection(ProjectDependencies) = postProject
		{CBBD8A63-DEA7-4F45-A1B7-C72BE1CDB621} = {CBBD8A63-DEA7-4F45-A1B7-C72BE1CDB621}
	EndProjectSection
EndProject
Project("{FAE04EC0-301F-11D3-BF4B-00C04F79EFBC}") = "ChatClient", "ChatClient\ChatClient.csproj", "{A3D5B686-3E59-429E-8C08-2AB167E9BF5C}"
EndProject
Global
	GlobalSection(SolutionConfigurationPlatforms) = preSolution
		Debug|Any CPU = Debug|Any CPU
		Release|Any CPU = Release|Any CPU
	EndGlobalSection
	GlobalSection(ProjectConfigurationPlatforms) = postSolution
		{CBBD8A63-DEA7-4F45-A1B7-C72BE1CDB621}.Debug|Any CPU.ActiveCfg = Debug|Any CPU
		{CBBD8A63-DEA7-4F45-A1B7-C72BE1CDB621}.Debug|Any CPU.Build.0 = Debug|Any CPU
		{CBBD8A63-DEA7-4F45-A1B7-C72BE1CDB621}.Release|Any CPU.ActiveCfg = Release|Any CPU
		{CBBD8A63-DEA7-4F45-A1B7-C72BE1CDB621}.Release|Any CPU.Build.0 = Release|Any CPU
		{8EFFD3AD-9ED0-4EF4-9742-6406A95F2B5A}.Debug|Any CPU.ActiveCfg = Debug|Any CPU
		{8EFFD3AD-9ED0-4EF4-9742-6406A95F2B5A}.Debug|Any CPU.Build.0 = Debug|Any CPU
		{8EFFD3AD-9ED0-4EF4-9742-6406A95F2B5A}.Release|Any CPU.ActiveCfg = Release|Any CPU
		{8EFFD3AD-9ED0-4EF4-9742-6406A95F2B5A}.Release|Any CPU.Build.0 = Release|Any CPU
		{A3D5B686-3E59-429E-8C08-2AB167E9BF5C}.Debug|Any CPU.ActiveCfg = Debug|Any CPU
		{A3D5B686-3E59-429E-8C08-2AB167E9BF5C}.Debug|Any CPU.Build.0 = Debug|Any CPU
		{A3D5B686-3E59-429E-8C08-2AB167E9BF5C}.Release|Any CPU.ActiveCfg = Release|Any CPU
		{A3D5B686-3E59-429E-8C08-2AB167E9BF5C}.Release|Any CPU.Build.0 = Release|Any CPU
	EndGlobalSection
	GlobalSection(SolutionProperties) = preSolution
		HideSolutionNode = FALSE
	EndGlobalSection
EndGlobal
